{
    "_readme": [
        "This file locks the dependencies of your project to a known state",
        "Read more about it at http://getcomposer.org/doc/01-basic-usage.md#composer-lock-the-lock-file"
    ],
    "hash": "420da437055846d00579f30ac410deca",
    "packages": [
        {
            "name": "dreamfactory/lib-platform-installer",
            "version": "dev-master",
            "target-dir": "DreamFactory/Composer/Utility",
            "source": {
                "type": "git",
                "url": "https://github.com/dreamfactorysoftware/lib-platform-installer.git",
                "reference": "351d55351329519a4fdea394039f70fb66fb505a"
            },
            "dist": {
                "type": "zip",
                "url": "https://api.github.com/repos/dreamfactorysoftware/lib-platform-installer/zipball/351d55351329519a4fdea394039f70fb66fb505a",
                "reference": "351d55351329519a4fdea394039f70fb66fb505a",
                "shasum": ""
            },
            "require": {
                "kisma/kisma": "dev-master"
            },
            "type": "composer-installer",
            "extra": {
                "class": "DreamFactory\\Composer\\Utility\\PlatformInstaller"
            },
            "autoload": {
                "psr-0": {
                    "DreamFactory\\Composer\\Utility": ""
                }
            },
            "notification-url": "https://packagist.org/downloads/",
            "license": [
                "Apache-2.0"
            ],
            "authors": [
                {
                    "name": "Ablan, Jerry",
                    "email": "jerryablan@dreamfactory.com",
                    "role": "Sr. Software Engineer"
                }
            ],
            "description": "DreamFactory Services Platform(tm) JetPack/FuelCell Installer",
            "homepage": "http://dreamfactory.com/",
            "keywords": [
                "cloud",
                "dreamfactory",
                "dsp",
                "fuelcell",
                "jetpack"
            ],
            "time": "2013-07-17 14:23:11"
        },
        {
            "name": "kisma/kisma",
            "version": "dev-master",
            "source": {
                "type": "git",
                "url": "https://github.com/lucifurious/kisma.git",
                "reference": "0.1.3.2"
            },
            "dist": {
                "type": "zip",
                "url": "https://api.github.com/repos/lucifurious/kisma/zipball/0.1.3.2",
                "reference": "0.1.3.2",
                "shasum": ""
            },
            "require": {
                "php": ">=5.3.10"
            },
            "type": "library",
            "autoload": {
                "psr-0": {
                    "Kisma": "src/"
                },
                "files": [
                    "src/autoload.php"
                ]
            },
            "notification-url": "https://packagist.org/downloads/",
            "license": [
                "GPL3"
            ],
            "authors": [
                {
                    "name": "Jerry Ablan",
                    "email": "getkisma@gmail.com"
                }
            ],
            "description": "PHP Utility Belt",
            "homepage": "https://github.com/kisma/kisma",
            "keywords": [
                "library",
                "php",
                "php5",
                "utility"
            ],
            "time": "2013-08-16 17:21:30"
        }
    ],
    "packages-dev": [

    ],
    "aliases": [

    ],
    "minimum-stability": "dev",
    "stability-flags": {
        "dreamfactory/lib-platform-installer": 20
    },
    "platform": [

    ],
    "platform-dev": [

    ]
}
