{
    "_readme": [
        "This file locks the dependencies of your project to a known state",
        "Read more about it at http://getcomposer.org/doc/01-basic-usage.md#composer-lock-the-lock-file"
    ],
    "hash": "c90d25dbb36854f4877634bf055c345d",
    "packages": [
        {
            "name": "dreamfactory/lib-platform-installer",
            "version": "dev-master",
            "source": {
                "type": "git",
                "url": "https://github.com/dreamfactorysoftware/lib-platform-installer.git",
                "reference": "fd0bd8b6e3aac78b5791b4405e03420e62d472c5"
            },
            "dist": {
                "type": "zip",
                "url": "https://api.github.com/repos/dreamfactorysoftware/lib-platform-installer/zipball/fd0bd8b6e3aac78b5791b4405e03420e62d472c5",
                "reference": "fd0bd8b6e3aac78b5791b4405e03420e62d472c5",
                "shasum": ""
            },
            "require": {
                "kisma/kisma": "dev-master"
            },
            "type": "composer-installer",
            "extra": {
                "class": "DreamFactory\\Platform\\Utility\\PlatformInstaller"
            },
            "autoload": {
                "psr-0": {
                    "DreamFactory\\Platform\\Utility": "src/"
                }
            },
            "notification-url": "https://packagist.org/downloads/",
            "license": [
                "GPL-3.0",
                "proprietary"
            ],
            "authors": [
                {
                    "name": "Ablan, Jerry",
                    "email": "jerryablan@dreamfactory.com",
                    "role": "Black Ops"
                },
                {
                    "name": "Sykes, Jason",
                    "email": "jasonsykes@dreamfactory.com",
                    "role": "Lead Engineer, client-side"
                },
                {
                    "name": "Hicks, Lee",
                    "email": "leehicks@dreamfactory.com",
                    "role": "Lead Engineer, server-side"
                },
                {
                    "name": "Appleton, Todd",
                    "email": "toddappleton@dreamfactory.com",
                    "role": "Lead Engineer, client-side; UX/QA"
                }
            ],
            "description": "DreamFactory Services Platform(tm) Package Installer",
            "homepage": "http://dreamfactorybeta.com/",
            "keywords": [
                "cloud",
                "dreamfactory",
                "dsp",
                "dsp-core",
                "dsp-lib"
            ],
            "time": "2013-05-15 15:12:17"
        },
        {
            "name": "kisma/kisma",
            "version": "dev-master",
            "source": {
                "type": "git",
                "url": "https://github.com/lucifurious/kisma.git",
                "reference": "2024afab4a7136d079ca2b2dac107f4c57e75c38"
            },
            "dist": {
                "type": "zip",
                "url": "https://api.github.com/repos/lucifurious/kisma/zipball/2024afab4a7136d079ca2b2dac107f4c57e75c38",
                "reference": "2024afab4a7136d079ca2b2dac107f4c57e75c38",
                "shasum": ""
            },
            "require": {
                "php": ">=5.3.10"
            },
            "type": "library",
            "autoload": {
                "psr-0": {
                    "Kisma": "src/"
                },
                "files": [
                    "src/autoload.php"
                ]
            },
            "notification-url": "https://packagist.org/downloads/",
            "license": [
                "MIT"
            ],
            "authors": [
                {
                    "name": "Jerry Ablan",
                    "email": "getkisma@gmail.com"
                }
            ],
            "description": "A Fun-Sized PHP Framework",
            "homepage": "https://github.com/kisma/kisma",
            "keywords": [
                "framework",
                "mvc",
                "php",
                "php5",
                "rest"
            ],
            "time": "2013-06-11 17:18:07"
        }
    ],
    "packages-dev": [

    ],
    "aliases": [

    ],
    "minimum-stability": "dev",
    "stability-flags": {
        "dreamfactory/lib-platform-installer": 20
    },
    "platform": [

    ],
    "platform-dev": [

    ]
}
